{
	"lockfileVersion": 3,
	"name": "fcla-cli",
	"packages": {
		"": {
			"dependencies": {
				"prompts": "^2.4.2"
			},
			"license": "AGPL-3.0",
			"name": "fcla-cli",
			"version": "1.0.0"
		},
		"node_modules/kleur": {
			"engines": {
				"node": ">=6"
			},
			"integrity": "sha512-eTIzlVOSUR+JxdDFepEYcBMtZ9Qqdef+rnzWdRZuMbOywu5tO2w2N7rqjoANZ5k9vywhL6Br1VRjUIgTQx4E8w==",
			"resolved": "https://registry.npmjs.org/kleur/-/kleur-3.0.3.tgz",
			"version": "3.0.3"
		},
		"node_modules/prompts": {
			"dependencies": {
				"kleur": "^3.0.3",
				"sisteransi": "^1.0.5"
			},
			"engines": {
				"node": ">= 6"
			},
			"integrity": "sha512-NxNv/kLguCA7p3jE8oL2aEBsrJWgAakBpgmgK6lpPWV+WuOmY6r2/zbAVnP+T8bQlA0nzHXSJSJW0Hq7ylaD2Q==",
			"resolved": "https://registry.npmjs.org/prompts/-/prompts-2.4.2.tgz",
			"version": "2.4.2"
		},
		"node_modules/sisteransi": {
			"integrity": "sha512-bLGGlR1QxBcynn2d5YmDX4MGjlZvy2MRBDRNHLJ8VI6l6+9FUiyTFNJ0IveOSP0bcXgVDPRcfGqA0pjaqUpfVg==",
			"resolved": "https://registry.npmjs.org/sisteransi/-/sisteransi-1.0.5.tgz",
			"version": "1.0.5"
		}
	},
	"requires": true,
	"version": "1.0.0"
}
